
Microsoft Visual Studio Solution File, Format Version 12.00
# Visual Studio Version 17
VisualStudioVersion = 17.2.32519.379
MinimumVisualStudioVersion = 10.0.40219.1
Project("{FAE04EC0-301F-11D3-BF4B-00C04F79EFBC}") = "gClass", "gClass\gClass.csproj", "{A3148C58-60FE-4AB4-87E7-C30534CA7F6D}"
EndProject
Project("{FAE04EC0-301F-11D3-BF4B-00C04F79EFBC}") = "LSNAudio", "LSNAudio\LSNAudio.csproj", "{FB33403B-8CD4-490A-B740-6D5A5D932318}"
EndProject
Project("{FAE04EC0-301F-11D3-BF4B-00C04F79EFBC}") = "pa_em", "pa2\pa_em.csproj", "{7CAC7FAF-2A30-4D1D-988D-F008EF90511C}"
EndProject
Project("{FAE04EC0-301F-11D3-BF4B-00C04F79EFBC}") = "LScap", "LScap\LScap.csproj", "{23C763CA-380F-4B1F-B6F3-6F3B86590B88}"
EndProject
Project("{FAE04EC0-301F-11D3-BF4B-00C04F79EFBC}") = "DataClass", "DataClass\DataClass.csproj", "{40D7C7AB-A585-49D9-B9A1-0A499EEC5067}"
EndProject
Project("{FAE04EC0-301F-11D3-BF4B-00C04F79EFBC}") = "simplepa2", "simplepa2\simplepa2.csproj", "{BFA3AD02-154B-446B-9062-8B3EFD6EF609}"
EndProject
Project("{FAE04EC0-301F-11D3-BF4B-00C04F79EFBC}") = "Wisejhtml", "Wisejhtml\Wisejhtml.csproj", "{37525303-7BA7-4947-9F1C-D757A8B1E9AB}"
EndProject
Project("{FAE04EC0-301F-11D3-BF4B-00C04F79EFBC}") = "WatchDog", "WatchDog\WatchDog.csproj", "{EBC70219-24A0-420C-9045-73438CA463E1}"
EndProject
Global
	GlobalSection(SolutionConfigurationPlatforms) = preSolution
		Debug|Any CPU = Debug|Any CPU
		Debug|x86 = Debug|x86
		Release|Any CPU = Release|Any CPU
		Release|x86 = Release|x86
	EndGlobalSection
	GlobalSection(ProjectConfigurationPlatforms) = postSolution
		{A3148C58-60FE-4AB4-87E7-C30534CA7F6D}.Debug|Any CPU.ActiveCfg = Debug|Any CPU
		{A3148C58-60FE-4AB4-87E7-C30534CA7F6D}.Debug|Any CPU.Build.0 = Debug|Any CPU
		{A3148C58-60FE-4AB4-87E7-C30534CA7F6D}.Debug|x86.ActiveCfg = Debug|Any CPU
		{A3148C58-60FE-4AB4-87E7-C30534CA7F6D}.Debug|x86.Build.0 = Debug|Any CPU
		{A3148C58-60FE-4AB4-87E7-C30534CA7F6D}.Release|Any CPU.ActiveCfg = Release|Any CPU
		{A3148C58-60FE-4AB4-87E7-C30534CA7F6D}.Release|Any CPU.Build.0 = Release|Any CPU
		{A3148C58-60FE-4AB4-87E7-C30534CA7F6D}.Release|x86.ActiveCfg = Release|Any CPU
		{A3148C58-60FE-4AB4-87E7-C30534CA7F6D}.Release|x86.Build.0 = Release|Any CPU
		{FB33403B-8CD4-490A-B740-6D5A5D932318}.Debug|Any CPU.ActiveCfg = Debug|x86
		{FB33403B-8CD4-490A-B740-6D5A5D932318}.Debug|x86.ActiveCfg = Debug|x86
		{FB33403B-8CD4-490A-B740-6D5A5D932318}.Debug|x86.Build.0 = Debug|x86
		{FB33403B-8CD4-490A-B740-6D5A5D932318}.Release|Any CPU.ActiveCfg = Release|x86
		{FB33403B-8CD4-490A-B740-6D5A5D932318}.Release|x86.ActiveCfg = Release|x86
		{FB33403B-8CD4-490A-B740-6D5A5D932318}.Release|x86.Build.0 = Release|x86
		{7CAC7FAF-2A30-4D1D-988D-F008EF90511C}.Debug|Any CPU.ActiveCfg = Debug|Any CPU
		{7CAC7FAF-2A30-4D1D-988D-F008EF90511C}.Debug|Any CPU.Build.0 = Debug|Any CPU
		{7CAC7FAF-2A30-4D1D-988D-F008EF90511C}.Debug|x86.ActiveCfg = Debug|Any CPU
		{7CAC7FAF-2A30-4D1D-988D-F008EF90511C}.Debug|x86.Build.0 = Debug|Any CPU
		{7CAC7FAF-2A30-4D1D-988D-F008EF90511C}.Release|Any CPU.ActiveCfg = Release|Any CPU
		{7CAC7FAF-2A30-4D1D-988D-F008EF90511C}.Release|Any CPU.Build.0 = Release|Any CPU
		{7CAC7FAF-2A30-4D1D-988D-F008EF90511C}.Release|x86.ActiveCfg = Release|Any CPU
		{7CAC7FAF-2A30-4D1D-988D-F008EF90511C}.Release|x86.Build.0 = Release|Any CPU
		{23C763CA-380F-4B1F-B6F3-6F3B86590B88}.Debug|Any CPU.ActiveCfg = Debug|Any CPU
		{23C763CA-380F-4B1F-B6F3-6F3B86590B88}.Debug|Any CPU.Build.0 = Debug|Any CPU
		{23C763CA-380F-4B1F-B6F3-6F3B86590B88}.Debug|x86.ActiveCfg = Debug|Any CPU
		{23C763CA-380F-4B1F-B6F3-6F3B86590B88}.Debug|x86.Build.0 = Debug|Any CPU
		{23C763CA-380F-4B1F-B6F3-6F3B86590B88}.Release|Any CPU.ActiveCfg = Release|Any CPU
		{23C763CA-380F-4B1F-B6F3-6F3B86590B88}.Release|Any CPU.Build.0 = Release|Any CPU
		{23C763CA-380F-4B1F-B6F3-6F3B86590B88}.Release|x86.ActiveCfg = Release|Any CPU
		{23C763CA-380F-4B1F-B6F3-6F3B86590B88}.Release|x86.Build.0 = Release|Any CPU
		{40D7C7AB-A585-49D9-B9A1-0A499EEC5067}.Debug|Any CPU.ActiveCfg = Debug|Any CPU
		{40D7C7AB-A585-49D9-B9A1-0A499EEC5067}.Debug|Any CPU.Build.0 = Debug|Any CPU
		{40D7C7AB-A585-49D9-B9A1-0A499EEC5067}.Debug|x86.ActiveCfg = Debug|Any CPU
		{40D7C7AB-A585-49D9-B9A1-0A499EEC5067}.Debug|x86.Build.0 = Debug|Any CPU
		{40D7C7AB-A585-49D9-B9A1-0A499EEC5067}.Release|Any CPU.ActiveCfg = Release|Any CPU
		{40D7C7AB-A585-49D9-B9A1-0A499EEC5067}.Release|Any CPU.Build.0 = Release|Any CPU
		{40D7C7AB-A585-49D9-B9A1-0A499EEC5067}.Release|x86.ActiveCfg = Release|Any CPU
		{40D7C7AB-A585-49D9-B9A1-0A499EEC5067}.Release|x86.Build.0 = Release|Any CPU
		{BFA3AD02-154B-446B-9062-8B3EFD6EF609}.Debug|Any CPU.ActiveCfg = Debug|Any CPU
		{BFA3AD02-154B-446B-9062-8B3EFD6EF609}.Debug|Any CPU.Build.0 = Debug|Any CPU
		{BFA3AD02-154B-446B-9062-8B3EFD6EF609}.Debug|x86.ActiveCfg = Debug|Any CPU
		{BFA3AD02-154B-446B-9062-8B3EFD6EF609}.Debug|x86.Build.0 = Debug|Any CPU
		{BFA3AD02-154B-446B-9062-8B3EFD6EF609}.Release|Any CPU.ActiveCfg = Release|Any CPU
		{BFA3AD02-154B-446B-9062-8B3EFD6EF609}.Release|Any CPU.Build.0 = Release|Any CPU
		{BFA3AD02-154B-446B-9062-8B3EFD6EF609}.Release|x86.ActiveCfg = Release|Any CPU
		{BFA3AD02-154B-446B-9062-8B3EFD6EF609}.Release|x86.Build.0 = Release|Any CPU
		{37525303-7BA7-4947-9F1C-D757A8B1E9AB}.Debug|Any CPU.ActiveCfg = Debug|Any CPU
		{37525303-7BA7-4947-9F1C-D757A8B1E9AB}.Debug|Any CPU.Build.0 = Debug|Any CPU
		{37525303-7BA7-4947-9F1C-D757A8B1E9AB}.Debug|x86.ActiveCfg = Debug|Any CPU
		{37525303-7BA7-4947-9F1C-D757A8B1E9AB}.Debug|x86.Build.0 = Debug|Any CPU
		{37525303-7BA7-4947-9F1C-D757A8B1E9AB}.Release|Any CPU.ActiveCfg = Release|Any CPU
		{37525303-7BA7-4947-9F1C-D757A8B1E9AB}.Release|Any CPU.Build.0 = Release|Any CPU
		{37525303-7BA7-4947-9F1C-D757A8B1E9AB}.Release|x86.ActiveCfg = Release|Any CPU
		{37525303-7BA7-4947-9F1C-D757A8B1E9AB}.Release|x86.Build.0 = Release|Any CPU
		{EBC70219-24A0-420C-9045-73438CA463E1}.Debug|Any CPU.ActiveCfg = Debug|Any CPU
		{EBC70219-24A0-420C-9045-73438CA463E1}.Debug|Any CPU.Build.0 = Debug|Any CPU
		{EBC70219-24A0-420C-9045-73438CA463E1}.Debug|x86.ActiveCfg = Debug|Any CPU
		{EBC70219-24A0-420C-9045-73438CA463E1}.Debug|x86.Build.0 = Debug|Any CPU
		{EBC70219-24A0-420C-9045-73438CA463E1}.Release|Any CPU.ActiveCfg = Release|Any CPU
		{EBC70219-24A0-420C-9045-73438CA463E1}.Release|Any CPU.Build.0 = Release|Any CPU
		{EBC70219-24A0-420C-9045-73438CA463E1}.Release|x86.ActiveCfg = Release|Any CPU
		{EBC70219-24A0-420C-9045-73438CA463E1}.Release|x86.Build.0 = Release|Any CPU
	EndGlobalSection
	GlobalSection(SolutionProperties) = preSolution
		HideSolutionNode = FALSE
	EndGlobalSection
	GlobalSection(ExtensibilityGlobals) = postSolution
		SolutionGuid = {730291F4-45E4-4385-92E7-830A85FAF3D1}
	EndGlobalSection
EndGlobal
