
Microsoft Visual Studio Solution File, Format Version 12.00
# Visual Studio Version 17
VisualStudioVersion = 17.0.32112.339
MinimumVisualStudioVersion = 10.0.40219.1
Project("{FAE04EC0-301F-11D3-BF4B-00C04F79EFBC}") = "Wisej.CodeProject", "Wisej.CodeProject\Wisej.CodeProject.csproj", "{BA22EE1E-C853-40B1-A5C1-ED2B10300AC8}"
EndProject
Project("{FAE04EC0-301F-11D3-BF4B-00C04F79EFBC}") = "gClass", "gClass\gClass.csproj", "{A3148C58-60FE-4AB4-87E7-C30534CA7F6D}"
EndProject
Project("{FAE04EC0-301F-11D3-BF4B-00C04F79EFBC}") = "LSNAudio", "LSNAudio\LSNAudio.csproj", "{FB33403B-8CD4-490A-B740-6D5A5D932318}"
EndProject
Project("{FAE04EC0-301F-11D3-BF4B-00C04F79EFBC}") = "sigr_client", "sigr_client\sigr_client.csproj", "{AD75AC37-42B8-4390-8D7D-8E0CCF7B1771}"
EndProject
Project("{FAE04EC0-301F-11D3-BF4B-00C04F79EFBC}") = "pa_em", "pa2\pa_em.csproj", "{7CAC7FAF-2A30-4D1D-988D-F008EF90511C}"
EndProject
Project("{FAE04EC0-301F-11D3-BF4B-00C04F79EFBC}") = "LScap", "LScap\LScap.csproj", "{23C763CA-380F-4B1F-B6F3-6F3B86590B88}"
EndProject
Project("{FAE04EC0-301F-11D3-BF4B-00C04F79EFBC}") = "LSmDNSW", "LSmDNSW\LSmDNSW.csproj", "{4AD65A81-AD70-41C8-9BAB-5B4AA9DCB233}"
EndProject
Project("{FAE04EC0-301F-11D3-BF4B-00C04F79EFBC}") = "SignalRChatSelfHost", "SignalRChatSelfHost\SignalRChatSelfHost.csproj", "{7B727149-D4B6-4679-B2D0-F61CC3C1117C}"
EndProject
Project("{FAE04EC0-301F-11D3-BF4B-00C04F79EFBC}") = "sig_svr_wpf", "sig_svr_wpf\sig_svr_wpf.csproj", "{C572A8E0-6E8D-4186-A726-8A20DA50776C}"
EndProject
Project("{FAE04EC0-301F-11D3-BF4B-00C04F79EFBC}") = "DataBase", "DataBase\DataBase.csproj", "{1743B598-1058-427B-80ED-E21ADC531EC5}"
EndProject
Project("{2150E333-8FDC-42A3-9474-1A3956D46DE8}") = "sample", "sample", "{1F916CD3-0D7D-4588-B9E9-DCE157A597CD}"
EndProject
Project("{FAE04EC0-301F-11D3-BF4B-00C04F79EFBC}") = "DataClass", "DataClass\DataClass.csproj", "{40D7C7AB-A585-49D9-B9A1-0A499EEC5067}"
EndProject
Project("{FAE04EC0-301F-11D3-BF4B-00C04F79EFBC}") = "Wisej.ListViewPanels", "Wisej.ListViewPanels\Wisej.ListViewPanels.csproj", "{A82CCD4A-4374-43F7-B06B-9780B40C5587}"
EndProject
Project("{FAE04EC0-301F-11D3-BF4B-00C04F79EFBC}") = "Wisej.FullCalendar", "Wisej.FullCalendar\Wisej.FullCalendar.csproj", "{26B034AD-D0DC-4FF3-9A9A-CD4C70C380A9}"
EndProject
Project("{9A19103F-16F7-4668-BE54-9A1E7A4F7556}") = "Wisej.Web.Ext.FullCalendar", "Wisej.Web.Ext.FullCalendar\Wisej.Web.Ext.FullCalendar.csproj", "{AC4EA38A-3C62-4EB6-A194-EBB5F64E27FF}"
EndProject
Project("{9A19103F-16F7-4668-BE54-9A1E7A4F7556}") = "Dns", "sample\dns\Dns\Dns.csproj", "{EE8657C6-8FC3-4A0A-870C-B90C44480FD8}"
EndProject
Project("{9A19103F-16F7-4668-BE54-9A1E7A4F7556}") = "Traffic", "sample\dns\Traffic\Traffic.csproj", "{0538867C-66C5-4607-944F-2016536BBC3C}"
EndProject
Project("{9A19103F-16F7-4668-BE54-9A1E7A4F7556}") = "Watcher", "sample\dns\Watcher\Watcher.csproj", "{8DC1BD04-7E49-4D35-AB50-185B92D4946E}"
EndProject
Global
	GlobalSection(SolutionConfigurationPlatforms) = preSolution
		Debug|Any CPU = Debug|Any CPU
		Debug|x86 = Debug|x86
		Release|Any CPU = Release|Any CPU
		Release|x86 = Release|x86
	EndGlobalSection
	GlobalSection(ProjectConfigurationPlatforms) = postSolution
		{BA22EE1E-C853-40B1-A5C1-ED2B10300AC8}.Debug|Any CPU.ActiveCfg = Debug|Any CPU
		{BA22EE1E-C853-40B1-A5C1-ED2B10300AC8}.Debug|Any CPU.Build.0 = Debug|Any CPU
		{BA22EE1E-C853-40B1-A5C1-ED2B10300AC8}.Debug|x86.ActiveCfg = Debug|Any CPU
		{BA22EE1E-C853-40B1-A5C1-ED2B10300AC8}.Debug|x86.Build.0 = Debug|Any CPU
		{BA22EE1E-C853-40B1-A5C1-ED2B10300AC8}.Release|Any CPU.ActiveCfg = Release|Any CPU
		{BA22EE1E-C853-40B1-A5C1-ED2B10300AC8}.Release|Any CPU.Build.0 = Release|Any CPU
		{BA22EE1E-C853-40B1-A5C1-ED2B10300AC8}.Release|x86.ActiveCfg = Release|Any CPU
		{BA22EE1E-C853-40B1-A5C1-ED2B10300AC8}.Release|x86.Build.0 = Release|Any CPU
		{A3148C58-60FE-4AB4-87E7-C30534CA7F6D}.Debug|Any CPU.ActiveCfg = Debug|Any CPU
		{A3148C58-60FE-4AB4-87E7-C30534CA7F6D}.Debug|Any CPU.Build.0 = Debug|Any CPU
		{A3148C58-60FE-4AB4-87E7-C30534CA7F6D}.Debug|x86.ActiveCfg = Debug|Any CPU
		{A3148C58-60FE-4AB4-87E7-C30534CA7F6D}.Debug|x86.Build.0 = Debug|Any CPU
		{A3148C58-60FE-4AB4-87E7-C30534CA7F6D}.Release|Any CPU.ActiveCfg = Release|Any CPU
		{A3148C58-60FE-4AB4-87E7-C30534CA7F6D}.Release|Any CPU.Build.0 = Release|Any CPU
		{A3148C58-60FE-4AB4-87E7-C30534CA7F6D}.Release|x86.ActiveCfg = Release|Any CPU
		{A3148C58-60FE-4AB4-87E7-C30534CA7F6D}.Release|x86.Build.0 = Release|Any CPU
		{FB33403B-8CD4-490A-B740-6D5A5D932318}.Debug|Any CPU.ActiveCfg = Debug|x86
		{FB33403B-8CD4-490A-B740-6D5A5D932318}.Debug|x86.ActiveCfg = Debug|x86
		{FB33403B-8CD4-490A-B740-6D5A5D932318}.Debug|x86.Build.0 = Debug|x86
		{FB33403B-8CD4-490A-B740-6D5A5D932318}.Release|Any CPU.ActiveCfg = Release|x86
		{FB33403B-8CD4-490A-B740-6D5A5D932318}.Release|x86.ActiveCfg = Release|x86
		{FB33403B-8CD4-490A-B740-6D5A5D932318}.Release|x86.Build.0 = Release|x86
		{AD75AC37-42B8-4390-8D7D-8E0CCF7B1771}.Debug|Any CPU.ActiveCfg = Debug|Any CPU
		{AD75AC37-42B8-4390-8D7D-8E0CCF7B1771}.Debug|Any CPU.Build.0 = Debug|Any CPU
		{AD75AC37-42B8-4390-8D7D-8E0CCF7B1771}.Debug|x86.ActiveCfg = Debug|Any CPU
		{AD75AC37-42B8-4390-8D7D-8E0CCF7B1771}.Debug|x86.Build.0 = Debug|Any CPU
		{AD75AC37-42B8-4390-8D7D-8E0CCF7B1771}.Release|Any CPU.ActiveCfg = Release|Any CPU
		{AD75AC37-42B8-4390-8D7D-8E0CCF7B1771}.Release|Any CPU.Build.0 = Release|Any CPU
		{AD75AC37-42B8-4390-8D7D-8E0CCF7B1771}.Release|x86.ActiveCfg = Release|Any CPU
		{AD75AC37-42B8-4390-8D7D-8E0CCF7B1771}.Release|x86.Build.0 = Release|Any CPU
		{7CAC7FAF-2A30-4D1D-988D-F008EF90511C}.Debug|Any CPU.ActiveCfg = Debug|Any CPU
		{7CAC7FAF-2A30-4D1D-988D-F008EF90511C}.Debug|Any CPU.Build.0 = Debug|Any CPU
		{7CAC7FAF-2A30-4D1D-988D-F008EF90511C}.Debug|x86.ActiveCfg = Debug|Any CPU
		{7CAC7FAF-2A30-4D1D-988D-F008EF90511C}.Debug|x86.Build.0 = Debug|Any CPU
		{7CAC7FAF-2A30-4D1D-988D-F008EF90511C}.Release|Any CPU.ActiveCfg = Release|Any CPU
		{7CAC7FAF-2A30-4D1D-988D-F008EF90511C}.Release|Any CPU.Build.0 = Release|Any CPU
		{7CAC7FAF-2A30-4D1D-988D-F008EF90511C}.Release|x86.ActiveCfg = Release|Any CPU
		{7CAC7FAF-2A30-4D1D-988D-F008EF90511C}.Release|x86.Build.0 = Release|Any CPU
		{23C763CA-380F-4B1F-B6F3-6F3B86590B88}.Debug|Any CPU.ActiveCfg = Debug|Any CPU
		{23C763CA-380F-4B1F-B6F3-6F3B86590B88}.Debug|Any CPU.Build.0 = Debug|Any CPU
		{23C763CA-380F-4B1F-B6F3-6F3B86590B88}.Debug|x86.ActiveCfg = Debug|Any CPU
		{23C763CA-380F-4B1F-B6F3-6F3B86590B88}.Debug|x86.Build.0 = Debug|Any CPU
		{23C763CA-380F-4B1F-B6F3-6F3B86590B88}.Release|Any CPU.ActiveCfg = Release|Any CPU
		{23C763CA-380F-4B1F-B6F3-6F3B86590B88}.Release|Any CPU.Build.0 = Release|Any CPU
		{23C763CA-380F-4B1F-B6F3-6F3B86590B88}.Release|x86.ActiveCfg = Release|Any CPU
		{23C763CA-380F-4B1F-B6F3-6F3B86590B88}.Release|x86.Build.0 = Release|Any CPU
		{4AD65A81-AD70-41C8-9BAB-5B4AA9DCB233}.Debug|Any CPU.ActiveCfg = Debug|Any CPU
		{4AD65A81-AD70-41C8-9BAB-5B4AA9DCB233}.Debug|Any CPU.Build.0 = Debug|Any CPU
		{4AD65A81-AD70-41C8-9BAB-5B4AA9DCB233}.Debug|x86.ActiveCfg = Debug|Any CPU
		{4AD65A81-AD70-41C8-9BAB-5B4AA9DCB233}.Debug|x86.Build.0 = Debug|Any CPU
		{4AD65A81-AD70-41C8-9BAB-5B4AA9DCB233}.Release|Any CPU.ActiveCfg = Release|Any CPU
		{4AD65A81-AD70-41C8-9BAB-5B4AA9DCB233}.Release|Any CPU.Build.0 = Release|Any CPU
		{4AD65A81-AD70-41C8-9BAB-5B4AA9DCB233}.Release|x86.ActiveCfg = Release|Any CPU
		{4AD65A81-AD70-41C8-9BAB-5B4AA9DCB233}.Release|x86.Build.0 = Release|Any CPU
		{7B727149-D4B6-4679-B2D0-F61CC3C1117C}.Debug|Any CPU.ActiveCfg = Debug|Any CPU
		{7B727149-D4B6-4679-B2D0-F61CC3C1117C}.Debug|Any CPU.Build.0 = Debug|Any CPU
		{7B727149-D4B6-4679-B2D0-F61CC3C1117C}.Debug|x86.ActiveCfg = Debug|Any CPU
		{7B727149-D4B6-4679-B2D0-F61CC3C1117C}.Debug|x86.Build.0 = Debug|Any CPU
		{7B727149-D4B6-4679-B2D0-F61CC3C1117C}.Release|Any CPU.ActiveCfg = Release|Any CPU
		{7B727149-D4B6-4679-B2D0-F61CC3C1117C}.Release|Any CPU.Build.0 = Release|Any CPU
		{7B727149-D4B6-4679-B2D0-F61CC3C1117C}.Release|x86.ActiveCfg = Release|Any CPU
		{7B727149-D4B6-4679-B2D0-F61CC3C1117C}.Release|x86.Build.0 = Release|Any CPU
		{C572A8E0-6E8D-4186-A726-8A20DA50776C}.Debug|Any CPU.ActiveCfg = Debug|Any CPU
		{C572A8E0-6E8D-4186-A726-8A20DA50776C}.Debug|Any CPU.Build.0 = Debug|Any CPU
		{C572A8E0-6E8D-4186-A726-8A20DA50776C}.Debug|x86.ActiveCfg = Debug|Any CPU
		{C572A8E0-6E8D-4186-A726-8A20DA50776C}.Debug|x86.Build.0 = Debug|Any CPU
		{C572A8E0-6E8D-4186-A726-8A20DA50776C}.Release|Any CPU.ActiveCfg = Release|Any CPU
		{C572A8E0-6E8D-4186-A726-8A20DA50776C}.Release|Any CPU.Build.0 = Release|Any CPU
		{C572A8E0-6E8D-4186-A726-8A20DA50776C}.Release|x86.ActiveCfg = Release|Any CPU
		{C572A8E0-6E8D-4186-A726-8A20DA50776C}.Release|x86.Build.0 = Release|Any CPU
		{1743B598-1058-427B-80ED-E21ADC531EC5}.Debug|Any CPU.ActiveCfg = Debug|Any CPU
		{1743B598-1058-427B-80ED-E21ADC531EC5}.Debug|Any CPU.Build.0 = Debug|Any CPU
		{1743B598-1058-427B-80ED-E21ADC531EC5}.Debug|x86.ActiveCfg = Debug|Any CPU
		{1743B598-1058-427B-80ED-E21ADC531EC5}.Debug|x86.Build.0 = Debug|Any CPU
		{1743B598-1058-427B-80ED-E21ADC531EC5}.Release|Any CPU.ActiveCfg = Release|Any CPU
		{1743B598-1058-427B-80ED-E21ADC531EC5}.Release|Any CPU.Build.0 = Release|Any CPU
		{1743B598-1058-427B-80ED-E21ADC531EC5}.Release|x86.ActiveCfg = Release|Any CPU
		{1743B598-1058-427B-80ED-E21ADC531EC5}.Release|x86.Build.0 = Release|Any CPU
		{40D7C7AB-A585-49D9-B9A1-0A499EEC5067}.Debug|Any CPU.ActiveCfg = Debug|Any CPU
		{40D7C7AB-A585-49D9-B9A1-0A499EEC5067}.Debug|Any CPU.Build.0 = Debug|Any CPU
		{40D7C7AB-A585-49D9-B9A1-0A499EEC5067}.Debug|x86.ActiveCfg = Debug|Any CPU
		{40D7C7AB-A585-49D9-B9A1-0A499EEC5067}.Debug|x86.Build.0 = Debug|Any CPU
		{40D7C7AB-A585-49D9-B9A1-0A499EEC5067}.Release|Any CPU.ActiveCfg = Release|Any CPU
		{40D7C7AB-A585-49D9-B9A1-0A499EEC5067}.Release|Any CPU.Build.0 = Release|Any CPU
		{40D7C7AB-A585-49D9-B9A1-0A499EEC5067}.Release|x86.ActiveCfg = Release|Any CPU
		{40D7C7AB-A585-49D9-B9A1-0A499EEC5067}.Release|x86.Build.0 = Release|Any CPU
		{A82CCD4A-4374-43F7-B06B-9780B40C5587}.Debug|Any CPU.ActiveCfg = Debug|Any CPU
		{A82CCD4A-4374-43F7-B06B-9780B40C5587}.Debug|Any CPU.Build.0 = Debug|Any CPU
		{A82CCD4A-4374-43F7-B06B-9780B40C5587}.Debug|x86.ActiveCfg = Debug|Any CPU
		{A82CCD4A-4374-43F7-B06B-9780B40C5587}.Debug|x86.Build.0 = Debug|Any CPU
		{A82CCD4A-4374-43F7-B06B-9780B40C5587}.Release|Any CPU.ActiveCfg = Release|Any CPU
		{A82CCD4A-4374-43F7-B06B-9780B40C5587}.Release|Any CPU.Build.0 = Release|Any CPU
		{A82CCD4A-4374-43F7-B06B-9780B40C5587}.Release|x86.ActiveCfg = Release|Any CPU
		{A82CCD4A-4374-43F7-B06B-9780B40C5587}.Release|x86.Build.0 = Release|Any CPU
		{26B034AD-D0DC-4FF3-9A9A-CD4C70C380A9}.Debug|Any CPU.ActiveCfg = Debug|Any CPU
		{26B034AD-D0DC-4FF3-9A9A-CD4C70C380A9}.Debug|Any CPU.Build.0 = Debug|Any CPU
		{26B034AD-D0DC-4FF3-9A9A-CD4C70C380A9}.Debug|x86.ActiveCfg = Debug|Any CPU
		{26B034AD-D0DC-4FF3-9A9A-CD4C70C380A9}.Debug|x86.Build.0 = Debug|Any CPU
		{26B034AD-D0DC-4FF3-9A9A-CD4C70C380A9}.Release|Any CPU.ActiveCfg = Release|Any CPU
		{26B034AD-D0DC-4FF3-9A9A-CD4C70C380A9}.Release|Any CPU.Build.0 = Release|Any CPU
		{26B034AD-D0DC-4FF3-9A9A-CD4C70C380A9}.Release|x86.ActiveCfg = Release|Any CPU
		{26B034AD-D0DC-4FF3-9A9A-CD4C70C380A9}.Release|x86.Build.0 = Release|Any CPU
		{AC4EA38A-3C62-4EB6-A194-EBB5F64E27FF}.Debug|Any CPU.ActiveCfg = Debug|Any CPU
		{AC4EA38A-3C62-4EB6-A194-EBB5F64E27FF}.Debug|Any CPU.Build.0 = Debug|Any CPU
		{AC4EA38A-3C62-4EB6-A194-EBB5F64E27FF}.Debug|x86.ActiveCfg = Debug|Any CPU
		{AC4EA38A-3C62-4EB6-A194-EBB5F64E27FF}.Debug|x86.Build.0 = Debug|Any CPU
		{AC4EA38A-3C62-4EB6-A194-EBB5F64E27FF}.Release|Any CPU.ActiveCfg = Release|Any CPU
		{AC4EA38A-3C62-4EB6-A194-EBB5F64E27FF}.Release|Any CPU.Build.0 = Release|Any CPU
		{AC4EA38A-3C62-4EB6-A194-EBB5F64E27FF}.Release|x86.ActiveCfg = Release|Any CPU
		{AC4EA38A-3C62-4EB6-A194-EBB5F64E27FF}.Release|x86.Build.0 = Release|Any CPU
		{EE8657C6-8FC3-4A0A-870C-B90C44480FD8}.Debug|Any CPU.ActiveCfg = Debug|Any CPU
		{EE8657C6-8FC3-4A0A-870C-B90C44480FD8}.Debug|Any CPU.Build.0 = Debug|Any CPU
		{EE8657C6-8FC3-4A0A-870C-B90C44480FD8}.Debug|x86.ActiveCfg = Debug|Any CPU
		{EE8657C6-8FC3-4A0A-870C-B90C44480FD8}.Debug|x86.Build.0 = Debug|Any CPU
		{EE8657C6-8FC3-4A0A-870C-B90C44480FD8}.Release|Any CPU.ActiveCfg = Release|Any CPU
		{EE8657C6-8FC3-4A0A-870C-B90C44480FD8}.Release|Any CPU.Build.0 = Release|Any CPU
		{EE8657C6-8FC3-4A0A-870C-B90C44480FD8}.Release|x86.ActiveCfg = Release|Any CPU
		{EE8657C6-8FC3-4A0A-870C-B90C44480FD8}.Release|x86.Build.0 = Release|Any CPU
		{0538867C-66C5-4607-944F-2016536BBC3C}.Debug|Any CPU.ActiveCfg = Debug|Any CPU
		{0538867C-66C5-4607-944F-2016536BBC3C}.Debug|Any CPU.Build.0 = Debug|Any CPU
		{0538867C-66C5-4607-944F-2016536BBC3C}.Debug|x86.ActiveCfg = Debug|Any CPU
		{0538867C-66C5-4607-944F-2016536BBC3C}.Debug|x86.Build.0 = Debug|Any CPU
		{0538867C-66C5-4607-944F-2016536BBC3C}.Release|Any CPU.ActiveCfg = Release|Any CPU
		{0538867C-66C5-4607-944F-2016536BBC3C}.Release|Any CPU.Build.0 = Release|Any CPU
		{0538867C-66C5-4607-944F-2016536BBC3C}.Release|x86.ActiveCfg = Release|Any CPU
		{0538867C-66C5-4607-944F-2016536BBC3C}.Release|x86.Build.0 = Release|Any CPU
		{8DC1BD04-7E49-4D35-AB50-185B92D4946E}.Debug|Any CPU.ActiveCfg = Debug|Any CPU
		{8DC1BD04-7E49-4D35-AB50-185B92D4946E}.Debug|Any CPU.Build.0 = Debug|Any CPU
		{8DC1BD04-7E49-4D35-AB50-185B92D4946E}.Debug|x86.ActiveCfg = Debug|Any CPU
		{8DC1BD04-7E49-4D35-AB50-185B92D4946E}.Debug|x86.Build.0 = Debug|Any CPU
		{8DC1BD04-7E49-4D35-AB50-185B92D4946E}.Release|Any CPU.ActiveCfg = Release|Any CPU
		{8DC1BD04-7E49-4D35-AB50-185B92D4946E}.Release|Any CPU.Build.0 = Release|Any CPU
		{8DC1BD04-7E49-4D35-AB50-185B92D4946E}.Release|x86.ActiveCfg = Release|Any CPU
		{8DC1BD04-7E49-4D35-AB50-185B92D4946E}.Release|x86.Build.0 = Release|Any CPU
	EndGlobalSection
	GlobalSection(SolutionProperties) = preSolution
		HideSolutionNode = FALSE
	EndGlobalSection
	GlobalSection(NestedProjects) = preSolution
		{AD75AC37-42B8-4390-8D7D-8E0CCF7B1771} = {1F916CD3-0D7D-4588-B9E9-DCE157A597CD}
		{7B727149-D4B6-4679-B2D0-F61CC3C1117C} = {1F916CD3-0D7D-4588-B9E9-DCE157A597CD}
		{C572A8E0-6E8D-4186-A726-8A20DA50776C} = {1F916CD3-0D7D-4588-B9E9-DCE157A597CD}
		{1743B598-1058-427B-80ED-E21ADC531EC5} = {1F916CD3-0D7D-4588-B9E9-DCE157A597CD}
		{EE8657C6-8FC3-4A0A-870C-B90C44480FD8} = {1F916CD3-0D7D-4588-B9E9-DCE157A597CD}
		{0538867C-66C5-4607-944F-2016536BBC3C} = {1F916CD3-0D7D-4588-B9E9-DCE157A597CD}
		{8DC1BD04-7E49-4D35-AB50-185B92D4946E} = {1F916CD3-0D7D-4588-B9E9-DCE157A597CD}
	EndGlobalSection
	GlobalSection(ExtensibilityGlobals) = postSolution
		SolutionGuid = {730291F4-45E4-4385-92E7-830A85FAF3D1}
	EndGlobalSection
EndGlobal
