
Microsoft Visual Studio Solution File, Format Version 12.00
# Visual Studio Version 16
VisualStudioVersion = 16.0.30225.117
MinimumVisualStudioVersion = 10.0.40219.1
Project("{FAE04EC0-301F-11D3-BF4B-00C04F79EFBC}") = "Wisej.CodeProject", "Wisej.CodeProject\Wisej.CodeProject.csproj", "{BA22EE1E-C853-40B1-A5C1-ED2B10300AC8}"
EndProject
Project("{FAE04EC0-301F-11D3-BF4B-00C04F79EFBC}") = "gClass", "gClass\gClass.csproj", "{A3148C58-60FE-4AB4-87E7-C30534CA7F6D}"
EndProject
Project("{FAE04EC0-301F-11D3-BF4B-00C04F79EFBC}") = "LSNAudio", "LSNAudio\LSNAudio.csproj", "{FB33403B-8CD4-490A-B740-6D5A5D932318}"
EndProject
Project("{FAE04EC0-301F-11D3-BF4B-00C04F79EFBC}") = "sigr_client", "sigr_client\sigr_client.csproj", "{AD75AC37-42B8-4390-8D7D-8E0CCF7B1771}"
EndProject
Project("{FAE04EC0-301F-11D3-BF4B-00C04F79EFBC}") = "pa_em", "pa2\pa_em.csproj", "{7CAC7FAF-2A30-4D1D-988D-F008EF90511C}"
EndProject
Project("{FAE04EC0-301F-11D3-BF4B-00C04F79EFBC}") = "Checker", "Checker\Checker.csproj", "{2D36E4D4-B848-4E7D-900A-D9D9A70E9701}"
EndProject
Project("{FAE04EC0-301F-11D3-BF4B-00C04F79EFBC}") = "LScap", "LScap\LScap.csproj", "{23C763CA-380F-4B1F-B6F3-6F3B86590B88}"
EndProject
Project("{FAE04EC0-301F-11D3-BF4B-00C04F79EFBC}") = "LSmDNSW", "LSmDNSW\LSmDNSW.csproj", "{4AD65A81-AD70-41C8-9BAB-5B4AA9DCB233}"
EndProject
Project("{FAE04EC0-301F-11D3-BF4B-00C04F79EFBC}") = "SignalRChatSelfHost", "SignalRChatSelfHost\SignalRChatSelfHost.csproj", "{7B727149-D4B6-4679-B2D0-F61CC3C1117C}"
EndProject
Project("{FAE04EC0-301F-11D3-BF4B-00C04F79EFBC}") = "sig_svr_wpf", "sig_svr_wpf\sig_svr_wpf.csproj", "{C572A8E0-6E8D-4186-A726-8A20DA50776C}"
EndProject
Project("{FAE04EC0-301F-11D3-BF4B-00C04F79EFBC}") = "DataBase", "DataBase\DataBase.csproj", "{1743B598-1058-427B-80ED-E21ADC531EC5}"
EndProject
Project("{2150E333-8FDC-42A3-9474-1A3956D46DE8}") = "sample", "sample", "{1F916CD3-0D7D-4588-B9E9-DCE157A597CD}"
EndProject
Global
	GlobalSection(SolutionConfigurationPlatforms) = preSolution
		Debug|Any CPU = Debug|Any CPU
		Debug|x86 = Debug|x86
		Release|Any CPU = Release|Any CPU
		Release|x86 = Release|x86
	EndGlobalSection
	GlobalSection(ProjectConfigurationPlatforms) = postSolution
		{BA22EE1E-C853-40B1-A5C1-ED2B10300AC8}.Debug|Any CPU.ActiveCfg = Debug|Any CPU
		{BA22EE1E-C853-40B1-A5C1-ED2B10300AC8}.Debug|Any CPU.Build.0 = Debug|Any CPU
		{BA22EE1E-C853-40B1-A5C1-ED2B10300AC8}.Debug|x86.ActiveCfg = Debug|Any CPU
		{BA22EE1E-C853-40B1-A5C1-ED2B10300AC8}.Debug|x86.Build.0 = Debug|Any CPU
		{BA22EE1E-C853-40B1-A5C1-ED2B10300AC8}.Release|Any CPU.ActiveCfg = Release|Any CPU
		{BA22EE1E-C853-40B1-A5C1-ED2B10300AC8}.Release|Any CPU.Build.0 = Release|Any CPU
		{BA22EE1E-C853-40B1-A5C1-ED2B10300AC8}.Release|x86.ActiveCfg = Release|Any CPU
		{BA22EE1E-C853-40B1-A5C1-ED2B10300AC8}.Release|x86.Build.0 = Release|Any CPU
		{A3148C58-60FE-4AB4-87E7-C30534CA7F6D}.Debug|Any CPU.ActiveCfg = Debug|Any CPU
		{A3148C58-60FE-4AB4-87E7-C30534CA7F6D}.Debug|Any CPU.Build.0 = Debug|Any CPU
		{A3148C58-60FE-4AB4-87E7-C30534CA7F6D}.Debug|x86.ActiveCfg = Debug|Any CPU
		{A3148C58-60FE-4AB4-87E7-C30534CA7F6D}.Debug|x86.Build.0 = Debug|Any CPU
		{A3148C58-60FE-4AB4-87E7-C30534CA7F6D}.Release|Any CPU.ActiveCfg = Release|Any CPU
		{A3148C58-60FE-4AB4-87E7-C30534CA7F6D}.Release|Any CPU.Build.0 = Release|Any CPU
		{A3148C58-60FE-4AB4-87E7-C30534CA7F6D}.Release|x86.ActiveCfg = Release|Any CPU
		{A3148C58-60FE-4AB4-87E7-C30534CA7F6D}.Release|x86.Build.0 = Release|Any CPU
		{FB33403B-8CD4-490A-B740-6D5A5D932318}.Debug|Any CPU.ActiveCfg = Debug|x86
		{FB33403B-8CD4-490A-B740-6D5A5D932318}.Debug|x86.ActiveCfg = Debug|x86
		{FB33403B-8CD4-490A-B740-6D5A5D932318}.Debug|x86.Build.0 = Debug|x86
		{FB33403B-8CD4-490A-B740-6D5A5D932318}.Release|Any CPU.ActiveCfg = Release|x86
		{FB33403B-8CD4-490A-B740-6D5A5D932318}.Release|x86.ActiveCfg = Release|x86
		{FB33403B-8CD4-490A-B740-6D5A5D932318}.Release|x86.Build.0 = Release|x86
		{AD75AC37-42B8-4390-8D7D-8E0CCF7B1771}.Debug|Any CPU.ActiveCfg = Debug|Any CPU
		{AD75AC37-42B8-4390-8D7D-8E0CCF7B1771}.Debug|Any CPU.Build.0 = Debug|Any CPU
		{AD75AC37-42B8-4390-8D7D-8E0CCF7B1771}.Debug|x86.ActiveCfg = Debug|Any CPU
		{AD75AC37-42B8-4390-8D7D-8E0CCF7B1771}.Debug|x86.Build.0 = Debug|Any CPU
		{AD75AC37-42B8-4390-8D7D-8E0CCF7B1771}.Release|Any CPU.ActiveCfg = Release|Any CPU
		{AD75AC37-42B8-4390-8D7D-8E0CCF7B1771}.Release|Any CPU.Build.0 = Release|Any CPU
		{AD75AC37-42B8-4390-8D7D-8E0CCF7B1771}.Release|x86.ActiveCfg = Release|Any CPU
		{AD75AC37-42B8-4390-8D7D-8E0CCF7B1771}.Release|x86.Build.0 = Release|Any CPU
		{7CAC7FAF-2A30-4D1D-988D-F008EF90511C}.Debug|Any CPU.ActiveCfg = Debug|Any CPU
		{7CAC7FAF-2A30-4D1D-988D-F008EF90511C}.Debug|Any CPU.Build.0 = Debug|Any CPU
		{7CAC7FAF-2A30-4D1D-988D-F008EF90511C}.Debug|x86.ActiveCfg = Debug|Any CPU
		{7CAC7FAF-2A30-4D1D-988D-F008EF90511C}.Debug|x86.Build.0 = Debug|Any CPU
		{7CAC7FAF-2A30-4D1D-988D-F008EF90511C}.Release|Any CPU.ActiveCfg = Release|Any CPU
		{7CAC7FAF-2A30-4D1D-988D-F008EF90511C}.Release|Any CPU.Build.0 = Release|Any CPU
		{7CAC7FAF-2A30-4D1D-988D-F008EF90511C}.Release|x86.ActiveCfg = Release|Any CPU
		{7CAC7FAF-2A30-4D1D-988D-F008EF90511C}.Release|x86.Build.0 = Release|Any CPU
		{2D36E4D4-B848-4E7D-900A-D9D9A70E9701}.Debug|Any CPU.ActiveCfg = Debug|Any CPU
		{2D36E4D4-B848-4E7D-900A-D9D9A70E9701}.Debug|Any CPU.Build.0 = Debug|Any CPU
		{2D36E4D4-B848-4E7D-900A-D9D9A70E9701}.Debug|x86.ActiveCfg = Debug|Any CPU
		{2D36E4D4-B848-4E7D-900A-D9D9A70E9701}.Debug|x86.Build.0 = Debug|Any CPU
		{2D36E4D4-B848-4E7D-900A-D9D9A70E9701}.Release|Any CPU.ActiveCfg = Release|Any CPU
		{2D36E4D4-B848-4E7D-900A-D9D9A70E9701}.Release|Any CPU.Build.0 = Release|Any CPU
		{2D36E4D4-B848-4E7D-900A-D9D9A70E9701}.Release|x86.ActiveCfg = Release|Any CPU
		{2D36E4D4-B848-4E7D-900A-D9D9A70E9701}.Release|x86.Build.0 = Release|Any CPU
		{23C763CA-380F-4B1F-B6F3-6F3B86590B88}.Debug|Any CPU.ActiveCfg = Debug|Any CPU
		{23C763CA-380F-4B1F-B6F3-6F3B86590B88}.Debug|Any CPU.Build.0 = Debug|Any CPU
		{23C763CA-380F-4B1F-B6F3-6F3B86590B88}.Debug|x86.ActiveCfg = Debug|Any CPU
		{23C763CA-380F-4B1F-B6F3-6F3B86590B88}.Debug|x86.Build.0 = Debug|Any CPU
		{23C763CA-380F-4B1F-B6F3-6F3B86590B88}.Release|Any CPU.ActiveCfg = Release|Any CPU
		{23C763CA-380F-4B1F-B6F3-6F3B86590B88}.Release|Any CPU.Build.0 = Release|Any CPU
		{23C763CA-380F-4B1F-B6F3-6F3B86590B88}.Release|x86.ActiveCfg = Release|Any CPU
		{23C763CA-380F-4B1F-B6F3-6F3B86590B88}.Release|x86.Build.0 = Release|Any CPU
		{4AD65A81-AD70-41C8-9BAB-5B4AA9DCB233}.Debug|Any CPU.ActiveCfg = Debug|Any CPU
		{4AD65A81-AD70-41C8-9BAB-5B4AA9DCB233}.Debug|Any CPU.Build.0 = Debug|Any CPU
		{4AD65A81-AD70-41C8-9BAB-5B4AA9DCB233}.Debug|x86.ActiveCfg = Debug|Any CPU
		{4AD65A81-AD70-41C8-9BAB-5B4AA9DCB233}.Debug|x86.Build.0 = Debug|Any CPU
		{4AD65A81-AD70-41C8-9BAB-5B4AA9DCB233}.Release|Any CPU.ActiveCfg = Release|Any CPU
		{4AD65A81-AD70-41C8-9BAB-5B4AA9DCB233}.Release|Any CPU.Build.0 = Release|Any CPU
		{4AD65A81-AD70-41C8-9BAB-5B4AA9DCB233}.Release|x86.ActiveCfg = Release|Any CPU
		{4AD65A81-AD70-41C8-9BAB-5B4AA9DCB233}.Release|x86.Build.0 = Release|Any CPU
		{7B727149-D4B6-4679-B2D0-F61CC3C1117C}.Debug|Any CPU.ActiveCfg = Debug|Any CPU
		{7B727149-D4B6-4679-B2D0-F61CC3C1117C}.Debug|Any CPU.Build.0 = Debug|Any CPU
		{7B727149-D4B6-4679-B2D0-F61CC3C1117C}.Debug|x86.ActiveCfg = Debug|Any CPU
		{7B727149-D4B6-4679-B2D0-F61CC3C1117C}.Debug|x86.Build.0 = Debug|Any CPU
		{7B727149-D4B6-4679-B2D0-F61CC3C1117C}.Release|Any CPU.ActiveCfg = Release|Any CPU
		{7B727149-D4B6-4679-B2D0-F61CC3C1117C}.Release|Any CPU.Build.0 = Release|Any CPU
		{7B727149-D4B6-4679-B2D0-F61CC3C1117C}.Release|x86.ActiveCfg = Release|Any CPU
		{7B727149-D4B6-4679-B2D0-F61CC3C1117C}.Release|x86.Build.0 = Release|Any CPU
		{C572A8E0-6E8D-4186-A726-8A20DA50776C}.Debug|Any CPU.ActiveCfg = Debug|Any CPU
		{C572A8E0-6E8D-4186-A726-8A20DA50776C}.Debug|Any CPU.Build.0 = Debug|Any CPU
		{C572A8E0-6E8D-4186-A726-8A20DA50776C}.Debug|x86.ActiveCfg = Debug|Any CPU
		{C572A8E0-6E8D-4186-A726-8A20DA50776C}.Debug|x86.Build.0 = Debug|Any CPU
		{C572A8E0-6E8D-4186-A726-8A20DA50776C}.Release|Any CPU.ActiveCfg = Release|Any CPU
		{C572A8E0-6E8D-4186-A726-8A20DA50776C}.Release|Any CPU.Build.0 = Release|Any CPU
		{C572A8E0-6E8D-4186-A726-8A20DA50776C}.Release|x86.ActiveCfg = Release|Any CPU
		{C572A8E0-6E8D-4186-A726-8A20DA50776C}.Release|x86.Build.0 = Release|Any CPU
		{1743B598-1058-427B-80ED-E21ADC531EC5}.Debug|Any CPU.ActiveCfg = Debug|Any CPU
		{1743B598-1058-427B-80ED-E21ADC531EC5}.Debug|Any CPU.Build.0 = Debug|Any CPU
		{1743B598-1058-427B-80ED-E21ADC531EC5}.Debug|x86.ActiveCfg = Debug|Any CPU
		{1743B598-1058-427B-80ED-E21ADC531EC5}.Debug|x86.Build.0 = Debug|Any CPU
		{1743B598-1058-427B-80ED-E21ADC531EC5}.Release|Any CPU.ActiveCfg = Release|Any CPU
		{1743B598-1058-427B-80ED-E21ADC531EC5}.Release|Any CPU.Build.0 = Release|Any CPU
		{1743B598-1058-427B-80ED-E21ADC531EC5}.Release|x86.ActiveCfg = Release|Any CPU
		{1743B598-1058-427B-80ED-E21ADC531EC5}.Release|x86.Build.0 = Release|Any CPU
	EndGlobalSection
	GlobalSection(SolutionProperties) = preSolution
		HideSolutionNode = FALSE
	EndGlobalSection
	GlobalSection(NestedProjects) = preSolution
		{AD75AC37-42B8-4390-8D7D-8E0CCF7B1771} = {1F916CD3-0D7D-4588-B9E9-DCE157A597CD}
		{7B727149-D4B6-4679-B2D0-F61CC3C1117C} = {1F916CD3-0D7D-4588-B9E9-DCE157A597CD}
		{C572A8E0-6E8D-4186-A726-8A20DA50776C} = {1F916CD3-0D7D-4588-B9E9-DCE157A597CD}
		{1743B598-1058-427B-80ED-E21ADC531EC5} = {1F916CD3-0D7D-4588-B9E9-DCE157A597CD}
	EndGlobalSection
	GlobalSection(ExtensibilityGlobals) = postSolution
		SolutionGuid = {730291F4-45E4-4385-92E7-830A85FAF3D1}
	EndGlobalSection
EndGlobal
