
Microsoft Visual Studio Solution File, Format Version 12.00
# Visual Studio Version 16
VisualStudioVersion = 16.0.30225.117
MinimumVisualStudioVersion = 10.0.40219.1
Project("{FAE04EC0-301F-11D3-BF4B-00C04F79EFBC}") = "SignalRWiseJ", "SignalRWiseJ\SignalRWiseJ.csproj", "{E457363D-AC6F-49AC-B4D9-EF4618B3C0B6}"
EndProject
Project("{FAE04EC0-301F-11D3-BF4B-00C04F79EFBC}") = "HTMLChatClient", "SignalRChat-master\SignalRChat-master\HTMLChatClient\HTMLChatClient.csproj", "{C7C337F0-B87A-426C-9E43-239D1BF590DC}"
EndProject
Global
	GlobalSection(SolutionConfigurationPlatforms) = preSolution
		Debug|Any CPU = Debug|Any CPU
		Release|Any CPU = Release|Any CPU
	EndGlobalSection
	GlobalSection(ProjectConfigurationPlatforms) = postSolution
		{E457363D-AC6F-49AC-B4D9-EF4618B3C0B6}.Debug|Any CPU.ActiveCfg = Debug|Any CPU
		{E457363D-AC6F-49AC-B4D9-EF4618B3C0B6}.Debug|Any CPU.Build.0 = Debug|Any CPU
		{E457363D-AC6F-49AC-B4D9-EF4618B3C0B6}.Release|Any CPU.ActiveCfg = Release|Any CPU
		{E457363D-AC6F-49AC-B4D9-EF4618B3C0B6}.Release|Any CPU.Build.0 = Release|Any CPU
		{C7C337F0-B87A-426C-9E43-239D1BF590DC}.Debug|Any CPU.ActiveCfg = Debug|Any CPU
		{C7C337F0-B87A-426C-9E43-239D1BF590DC}.Debug|Any CPU.Build.0 = Debug|Any CPU
		{C7C337F0-B87A-426C-9E43-239D1BF590DC}.Release|Any CPU.ActiveCfg = Release|Any CPU
		{C7C337F0-B87A-426C-9E43-239D1BF590DC}.Release|Any CPU.Build.0 = Release|Any CPU
	EndGlobalSection
	GlobalSection(SolutionProperties) = preSolution
		HideSolutionNode = FALSE
	EndGlobalSection
	GlobalSection(ExtensibilityGlobals) = postSolution
		SolutionGuid = {1087BC1F-779F-4913-9F09-BA0D6B8A333F}
	EndGlobalSection
EndGlobal
