
Microsoft Visual Studio Solution File, Format Version 12.00
# Visual Studio 14
VisualStudioVersion = 14.0.25420.1
MinimumVisualStudioVersion = 10.0.40219.1
Project("{FAE04EC0-301F-11D3-BF4B-00C04F79EFBC}") = "SignalRChatSystem", "SignalRChatSystem\SignalRChatSystem.csproj", "{8967B2D9-E3CA-422E-9BC7-74AC37757134}"
EndProject
Project("{FAE04EC0-301F-11D3-BF4B-00C04F79EFBC}") = "HTMLChatClient", "HTMLChatClient\HTMLChatClient.csproj", "{C7C337F0-B87A-426C-9E43-239D1BF590DC}"
EndProject
Project("{FAE04EC0-301F-11D3-BF4B-00C04F79EFBC}") = "SignalRChatSelfHost", "SignalRChatSelfHost\SignalRChatSelfHost.csproj", "{7B727149-D4B6-4679-B2D0-F61CC3C1117C}"
EndProject
Global
	GlobalSection(SolutionConfigurationPlatforms) = preSolution
		Debug|Any CPU = Debug|Any CPU
		Release|Any CPU = Release|Any CPU
	EndGlobalSection
	GlobalSection(ProjectConfigurationPlatforms) = postSolution
		{8967B2D9-E3CA-422E-9BC7-74AC37757134}.Debug|Any CPU.ActiveCfg = Debug|Any CPU
		{8967B2D9-E3CA-422E-9BC7-74AC37757134}.Debug|Any CPU.Build.0 = Debug|Any CPU
		{8967B2D9-E3CA-422E-9BC7-74AC37757134}.Release|Any CPU.ActiveCfg = Release|Any CPU
		{8967B2D9-E3CA-422E-9BC7-74AC37757134}.Release|Any CPU.Build.0 = Release|Any CPU
		{C7C337F0-B87A-426C-9E43-239D1BF590DC}.Debug|Any CPU.ActiveCfg = Debug|Any CPU
		{C7C337F0-B87A-426C-9E43-239D1BF590DC}.Debug|Any CPU.Build.0 = Debug|Any CPU
		{C7C337F0-B87A-426C-9E43-239D1BF590DC}.Release|Any CPU.ActiveCfg = Release|Any CPU
		{C7C337F0-B87A-426C-9E43-239D1BF590DC}.Release|Any CPU.Build.0 = Release|Any CPU
		{7B727149-D4B6-4679-B2D0-F61CC3C1117C}.Debug|Any CPU.ActiveCfg = Debug|Any CPU
		{7B727149-D4B6-4679-B2D0-F61CC3C1117C}.Debug|Any CPU.Build.0 = Debug|Any CPU
		{7B727149-D4B6-4679-B2D0-F61CC3C1117C}.Release|Any CPU.ActiveCfg = Release|Any CPU
		{7B727149-D4B6-4679-B2D0-F61CC3C1117C}.Release|Any CPU.Build.0 = Release|Any CPU
	EndGlobalSection
	GlobalSection(SolutionProperties) = preSolution
		HideSolutionNode = FALSE
	EndGlobalSection
EndGlobal
