
Microsoft Visual Studio Solution File, Format Version 12.00
# Visual Studio Version 16
VisualStudioVersion = 16.0.30225.117
MinimumVisualStudioVersion = 10.0.40219.1
Project("{FAE04EC0-301F-11D3-BF4B-00C04F79EFBC}") = "LScap", "LScap.csproj", "{23C763CA-380F-4B1F-B6F3-6F3B86590B88}"
EndProject
Global
	GlobalSection(SolutionConfigurationPlatforms) = preSolution
		Debug|Any CPU = Debug|Any CPU
		Release|Any CPU = Release|Any CPU
	EndGlobalSection
	GlobalSection(ProjectConfigurationPlatforms) = postSolution
		{23C763CA-380F-4B1F-B6F3-6F3B86590B88}.Debug|Any CPU.ActiveCfg = Debug|Any CPU
		{23C763CA-380F-4B1F-B6F3-6F3B86590B88}.Debug|Any CPU.Build.0 = Debug|Any CPU
		{23C763CA-380F-4B1F-B6F3-6F3B86590B88}.Release|Any CPU.ActiveCfg = Release|Any CPU
		{23C763CA-380F-4B1F-B6F3-6F3B86590B88}.Release|Any CPU.Build.0 = Release|Any CPU
	EndGlobalSection
	GlobalSection(SolutionProperties) = preSolution
		HideSolutionNode = FALSE
	EndGlobalSection
	GlobalSection(ExtensibilityGlobals) = postSolution
		SolutionGuid = {ACAD8330-1EAA-4B16-A1CF-24EDB7B20482}
	EndGlobalSection
EndGlobal
